// !$*UTF8*$!
{
	archiveVersion = 1;
	classes = {
	};
	objectVersion = 56;
	objects = {

/* Begin PBXBuildFile section */
		40634D9C2AE22C3D00A8D2B0 /* README.md in Resources */ = {isa = PBXBuildFile; fileRef = 40634D9B2AE22C3D00A8D2B0 /* README.md */; };
		40634DB52AE22F4400A8D2B0 /* Item+CoreDataClass.swift in Sources */ = {isa = PBXBuildFile; fileRef = 40634DB12AE22F4400A8D2B0 /* Item+CoreDataClass.swift */; };
		40634DB62AE22F4400A8D2B0 /* Item+CoreDataProperties.swift in Sources */ = {isa = PBXBuildFile; fileRef = 40634DB22AE22F4400A8D2B0 /* Item+CoreDataProperties.swift */; };
		40634DB92AE22F9100A8D2B0 /* Networking.swift in Sources */ = {isa = PBXBuildFile; fileRef = 40634DB82AE22F9100A8D2B0 /* Networking.swift */; };
		40634DBB2AE22F9E00A8D2B0 /* CoreDataManager.swift in Sources */ = {isa = PBXBuildFile; fileRef = 40634DBA2AE22F9E00A8D2B0 /* CoreDataManager.swift */; };
		40634DBD2AE2318700A8D2B0 /* StockTakeModel.swift in Sources */ = {isa = PBXBuildFile; fileRef = 40634DBC2AE2318700A8D2B0 /* StockTakeModel.swift */; };
		40634DBF2AE2319100A8D2B0 /* ItemModel.swift in Sources */ = {isa = PBXBuildFile; fileRef = 40634DBE2AE2319100A8D2B0 /* ItemModel.swift */; };
		40634DC22AE2320F00A8D2B0 /* StockTake+CoreDataClass.swift in Sources */ = {isa = PBXBuildFile; fileRef = 40634DC02AE2320F00A8D2B0 /* StockTake+CoreDataClass.swift */; };
		40634DC32AE2320F00A8D2B0 /* StockTake+CoreDataProperties.swift in Sources */ = {isa = PBXBuildFile; fileRef = 40634DC12AE2320F00A8D2B0 /* StockTake+CoreDataProperties.swift */; };
		40634DC52AE2450E00A8D2B0 /* UPCService.swift in Sources */ = {isa = PBXBuildFile; fileRef = 40634DC42AE2450E00A8D2B0 /* UPCService.swift */; };
		40634DC92AE24AE200A8D2B0 /* ItemListViewModel.swift in Sources */ = {isa = PBXBuildFile; fileRef = 40634DC82AE24AE200A8D2B0 /* ItemListViewModel.swift */; };
		40634DCB2AE24D8F00A8D2B0 /* NotificationService.swift in Sources */ = {isa = PBXBuildFile; fileRef = 40634DCA2AE24D8F00A8D2B0 /* NotificationService.swift */; };
		40634DD02AE65A4C00A8D2B0 /* HomePageView.swift in Sources */ = {isa = PBXBuildFile; fileRef = 40634DCF2AE65A4C00A8D2B0 /* HomePageView.swift */; };
		40634DD42AE690A200A8D2B0 /* ItemListView.swift in Sources */ = {isa = PBXBuildFile; fileRef = 40634DD32AE690A200A8D2B0 /* ItemListView.swift */; };
		40634DD62AE7580900A8D2B0 /* StockTakeViewModel.swift in Sources */ = {isa = PBXBuildFile; fileRef = 40634DD52AE7580900A8D2B0 /* StockTakeViewModel.swift */; };
		40634DDA2AE7661D00A8D2B0 /* StockListView.swift in Sources */ = {isa = PBXBuildFile; fileRef = 40634DD92AE7661D00A8D2B0 /* StockListView.swift */; };
		40634DDC2AE7891E00A8D2B0 /* ItemDetailsView.swift in Sources */ = {isa = PBXBuildFile; fileRef = 40634DDB2AE7891E00A8D2B0 /* ItemDetailsView.swift */; };
		40CE0FF92AE2252100F93427 /* InventoryManagementAppApp.swift in Sources */ = {isa = PBXBuildFile; fileRef = 40CE0FF82AE2252100F93427 /* InventoryManagementAppApp.swift */; };
		40CE0FFE2AE2252100F93427 /* InventoryManagementApp.xcdatamodeld in Sources */ = {isa = PBXBuildFile; fileRef = 40CE0FFC2AE2252100F93427 /* InventoryManagementApp.xcdatamodeld */; };
		40CE10002AE2252100F93427 /* ContentView.swift in Sources */ = {isa = PBXBuildFile; fileRef = 40CE0FFF2AE2252100F93427 /* ContentView.swift */; };
		40CE10022AE2252300F93427 /* Assets.xcassets in Resources */ = {isa = PBXBuildFile; fileRef = 40CE10012AE2252300F93427 /* Assets.xcassets */; };
		40CE10062AE2252300F93427 /* Preview Assets.xcassets in Resources */ = {isa = PBXBuildFile; fileRef = 40CE10052AE2252300F93427 /* Preview Assets.xcassets */; };
/* End PBXBuildFile section */

/* Begin PBXFileReference section */
		40634D9B2AE22C3D00A8D2B0 /* README.md */ = {isa = PBXFileReference; fileEncoding = 4; lastKnownFileType = net.daringfireball.markdown; path = README.md; sourceTree = SOURCE_ROOT; };
		40634DB12AE22F4400A8D2B0 /* Item+CoreDataClass.swift */ = {isa = PBXFileReference; lastKnownFileType = sourcecode.swift; path = "Item+CoreDataClass.swift"; sourceTree = "<group>"; };
		40634DB22AE22F4400A8D2B0 /* Item+CoreDataProperties.swift */ = {isa = PBXFileReference; lastKnownFileType = sourcecode.swift; path = "Item+CoreDataProperties.swift"; sourceTree = "<group>"; };
		40634DB82AE22F9100A8D2B0 /* Networking.swift */ = {isa = PBXFileReference; lastKnownFileType = sourcecode.swift; path = Networking.swift; sourceTree = "<group>"; };
		40634DBA2AE22F9E00A8D2B0 /* CoreDataManager.swift */ = {isa = PBXFileReference; lastKnownFileType = sourcecode.swift; path = CoreDataManager.swift; sourceTree = "<group>"; };
		40634DBC2AE2318700A8D2B0 /* StockTakeModel.swift */ = {isa = PBXFileReference; lastKnownFileType = sourcecode.swift; path = StockTakeModel.swift; sourceTree = "<group>"; };
		40634DBE2AE2319100A8D2B0 /* ItemModel.swift */ = {isa = PBXFileReference; lastKnownFileType = sourcecode.swift; path = ItemModel.swift; sourceTree = "<group>"; };
		40634DC02AE2320F00A8D2B0 /* StockTake+CoreDataClass.swift */ = {isa = PBXFileReference; lastKnownFileType = sourcecode.swift; path = "StockTake+CoreDataClass.swift"; sourceTree = "<group>"; };
		40634DC12AE2320F00A8D2B0 /* StockTake+CoreDataProperties.swift */ = {isa = PBXFileReference; lastKnownFileType = sourcecode.swift; path = "StockTake+CoreDataProperties.swift"; sourceTree = "<group>"; };
		40634DC42AE2450E00A8D2B0 /* UPCService.swift */ = {isa = PBXFileReference; lastKnownFileType = sourcecode.swift; path = UPCService.swift; sourceTree = "<group>"; };
		40634DC82AE24AE200A8D2B0 /* ItemListViewModel.swift */ = {isa = PBXFileReference; lastKnownFileType = sourcecode.swift; path = ItemListViewModel.swift; sourceTree = "<group>"; };
		40634DCA2AE24D8F00A8D2B0 /* NotificationService.swift */ = {isa = PBXFileReference; lastKnownFileType = sourcecode.swift; path = NotificationService.swift; sourceTree = "<group>"; };
		40634DCF2AE65A4C00A8D2B0 /* HomePageView.swift */ = {isa = PBXFileReference; lastKnownFileType = sourcecode.swift; path = HomePageView.swift; sourceTree = "<group>"; };
		40634DD32AE690A200A8D2B0 /* ItemListView.swift */ = {isa = PBXFileReference; lastKnownFileType = sourcecode.swift; path = ItemListView.swift; sourceTree = "<group>"; };
		40634DD52AE7580900A8D2B0 /* StockTakeViewModel.swift */ = {isa = PBXFileReference; lastKnownFileType = sourcecode.swift; path = StockTakeViewModel.swift; sourceTree = "<group>"; };
		40634DD92AE7661D00A8D2B0 /* StockListView.swift */ = {isa = PBXFileReference; lastKnownFileType = sourcecode.swift; path = StockListView.swift; sourceTree = "<group>"; };
		40634DDB2AE7891E00A8D2B0 /* ItemDetailsView.swift */ = {isa = PBXFileReference; lastKnownFileType = sourcecode.swift; path = ItemDetailsView.swift; sourceTree = "<group>"; };
		40CE0FF52AE2252100F93427 /* InventoryManagementApp.app */ = {isa = PBXFileReference; explicitFileType = wrapper.application; includeInIndex = 0; path = InventoryManagementApp.app; sourceTree = BUILT_PRODUCTS_DIR; };
		40CE0FF82AE2252100F93427 /* InventoryManagementAppApp.swift */ = {isa = PBXFileReference; lastKnownFileType = sourcecode.swift; path = InventoryManagementAppApp.swift; sourceTree = "<group>"; };
		40CE0FFD2AE2252100F93427 /* InventoryManagementApp.xcdatamodel */ = {isa = PBXFileReference; lastKnownFileType = wrapper.xcdatamodel; path = InventoryManagementApp.xcdatamodel; sourceTree = "<group>"; };
		40CE0FFF2AE2252100F93427 /* ContentView.swift */ = {isa = PBXFileReference; lastKnownFileType = sourcecode.swift; path = ContentView.swift; sourceTree = "<group>"; };
		40CE10012AE2252300F93427 /* Assets.xcassets */ = {isa = PBXFileReference; lastKnownFileType = folder.assetcatalog; path = Assets.xcassets; sourceTree = "<group>"; };
		40CE10032AE2252300F93427 /* InventoryManagementApp.entitlements */ = {isa = PBXFileReference; lastKnownFileType = text.plist.entitlements; path = InventoryManagementApp.entitlements; sourceTree = "<group>"; };
		40CE10052AE2252300F93427 /* Preview Assets.xcassets */ = {isa = PBXFileReference; lastKnownFileType = folder.assetcatalog; path = "Preview Assets.xcassets"; sourceTree = "<group>"; };
/* End PBXFileReference section */

/* Begin PBXFrameworksBuildPhase section */
		40CE0FF22AE2252100F93427 /* Frameworks */ = {
			isa = PBXFrameworksBuildPhase;
			buildActionMask = 2147483647;
			files = (
			);
			runOnlyForDeploymentPostprocessing = 0;
		};
/* End PBXFrameworksBuildPhase section */

/* Begin PBXGroup section */
		40634DAE2AE22F3400A8D2B0 /* Model */ = {
			isa = PBXGroup;
			children = (
				40634DC02AE2320F00A8D2B0 /* StockTake+CoreDataClass.swift */,
				40634DC12AE2320F00A8D2B0 /* StockTake+CoreDataProperties.swift */,
				40634DB12AE22F4400A8D2B0 /* Item+CoreDataClass.swift */,
				40634DB22AE22F4400A8D2B0 /* Item+CoreDataProperties.swift */,
				40634DBC2AE2318700A8D2B0 /* StockTakeModel.swift */,
				40634DBE2AE2319100A8D2B0 /* ItemModel.swift */,
			);
			path = Model;
			sourceTree = "<group>";
		};
		40634DB72AE22F8700A8D2B0 /* Services */ = {
			isa = PBXGroup;
			children = (
				40634DB82AE22F9100A8D2B0 /* Networking.swift */,
				40634DBA2AE22F9E00A8D2B0 /* CoreDataManager.swift */,
				40634DC42AE2450E00A8D2B0 /* UPCService.swift */,
				40634DCA2AE24D8F00A8D2B0 /* NotificationService.swift */,
			);
			path = Services;
			sourceTree = "<group>";
		};
		40634DC62AE2499400A8D2B0 /* ViewModel */ = {
			isa = PBXGroup;
			children = (
				40634DC82AE24AE200A8D2B0 /* ItemListViewModel.swift */,
				40634DD52AE7580900A8D2B0 /* StockTakeViewModel.swift */,
			);
			path = ViewModel;
			sourceTree = "<group>";
		};
		40634DC72AE2499B00A8D2B0 /* View */ = {
			isa = PBXGroup;
			children = (
				40634DCF2AE65A4C00A8D2B0 /* HomePageView.swift */,
				40634DD32AE690A200A8D2B0 /* ItemListView.swift */,
				40634DD92AE7661D00A8D2B0 /* StockListView.swift */,
				40634DDB2AE7891E00A8D2B0 /* ItemDetailsView.swift */,
			);
			path = View;
			sourceTree = "<group>";
		};
		40CE0FEC2AE2252100F93427 = {
			isa = PBXGroup;
			children = (
				40634D9B2AE22C3D00A8D2B0 /* README.md */,
				40CE0FF72AE2252100F93427 /* InventoryManagementApp */,
				40CE0FF62AE2252100F93427 /* Products */,
			);
			sourceTree = "<group>";
		};
		40CE0FF62AE2252100F93427 /* Products */ = {
			isa = PBXGroup;
			children = (
				40CE0FF52AE2252100F93427 /* InventoryManagementApp.app */,
			);
			name = Products;
			sourceTree = "<group>";
		};
		40CE0FF72AE2252100F93427 /* InventoryManagementApp */ = {
			isa = PBXGroup;
			children = (
				40634DC72AE2499B00A8D2B0 /* View */,
				40634DC62AE2499400A8D2B0 /* ViewModel */,
				40634DB72AE22F8700A8D2B0 /* Services */,
				40634DAE2AE22F3400A8D2B0 /* Model */,
				40CE0FF82AE2252100F93427 /* InventoryManagementAppApp.swift */,
				40CE0FFF2AE2252100F93427 /* ContentView.swift */,
				40CE10012AE2252300F93427 /* Assets.xcassets */,
				40CE10032AE2252300F93427 /* InventoryManagementApp.entitlements */,
				40CE0FFC2AE2252100F93427 /* InventoryManagementApp.xcdatamodeld */,
				40CE10042AE2252300F93427 /* Preview Content */,
			);
			path = InventoryManagementApp;
			sourceTree = "<group>";
		};
		40CE10042AE2252300F93427 /* Preview Content */ = {
			isa = PBXGroup;
			children = (
				40CE10052AE2252300F93427 /* Preview Assets.xcassets */,
			);
			path = "Preview Content";
			sourceTree = "<group>";
		};
/* End PBXGroup section */

/* Begin PBXNativeTarget section */
		40CE0FF42AE2252100F93427 /* InventoryManagementApp */ = {
			isa = PBXNativeTarget;
			buildConfigurationList = 40CE10092AE2252300F93427 /* Build configuration list for PBXNativeTarget "InventoryManagementApp" */;
			buildPhases = (
				40CE0FF12AE2252100F93427 /* Sources */,
				40CE0FF22AE2252100F93427 /* Frameworks */,
				40CE0FF32AE2252100F93427 /* Resources */,
			);
			buildRules = (
			);
			dependencies = (
			);
			name = InventoryManagementApp;
			packageProductDependencies = (
			);
			productName = InventoryManagementApp;
			productReference = 40CE0FF52AE2252100F93427 /* InventoryManagementApp.app */;
			productType = "com.apple.product-type.application";
		};
/* End PBXNativeTarget section */

/* Begin PBXProject section */
		40CE0FED2AE2252100F93427 /* Project object */ = {
			isa = PBXProject;
			attributes = {
				BuildIndependentTargetsInParallel = 1;
				LastSwiftUpdateCheck = 1430;
				LastUpgradeCheck = 1430;
				TargetAttributes = {
					40CE0FF42AE2252100F93427 = {
						CreatedOnToolsVersion = 14.3;
					};
				};
			};
			buildConfigurationList = 40CE0FF02AE2252100F93427 /* Build configuration list for PBXProject "InventoryManagementApp" */;
			compatibilityVersion = "Xcode 14.0";
			developmentRegion = en;
			hasScannedForEncodings = 0;
			knownRegions = (
				en,
				Base,
			);
			mainGroup = 40CE0FEC2AE2252100F93427;
			packageReferences = (
			);
			productRefGroup = 40CE0FF62AE2252100F93427 /* Products */;
			projectDirPath = "";
			projectRoot = "";
			targets = (
				40CE0FF42AE2252100F93427 /* InventoryManagementApp */,
			);
		};
/* End PBXProject section */

/* Begin PBXResourcesBuildPhase section */
		40CE0FF32AE2252100F93427 /* Resources */ = {
			isa = PBXResourcesBuildPhase;
			buildActionMask = 2147483647;
			files = (
				40634D9C2AE22C3D00A8D2B0 /* README.md in Resources */,
				40CE10062AE2252300F93427 /* Preview Assets.xcassets in Resources */,
				40CE10022AE2252300F93427 /* Assets.xcassets in Resources */,
			);
			runOnlyForDeploymentPostprocessing = 0;
		};
/* End PBXResourcesBuildPhase section */

/* Begin PBXSourcesBuildPhase section */
		40CE0FF12AE2252100F93427 /* Sources */ = {
			isa = PBXSourcesBuildPhase;
			buildActionMask = 2147483647;
			files = (
				40634DBD2AE2318700A8D2B0 /* StockTakeModel.swift in Sources */,
				40634DC32AE2320F00A8D2B0 /* StockTake+CoreDataProperties.swift in Sources */,
				40634DB62AE22F4400A8D2B0 /* Item+CoreDataProperties.swift in Sources */,
				40634DD42AE690A200A8D2B0 /* ItemListView.swift in Sources */,
				40634DB92AE22F9100A8D2B0 /* Networking.swift in Sources */,
				40634DD02AE65A4C00A8D2B0 /* HomePageView.swift in Sources */,
				40CE0FF92AE2252100F93427 /* InventoryManagementAppApp.swift in Sources */,
				40634DC92AE24AE200A8D2B0 /* ItemListViewModel.swift in Sources */,
				40634DBF2AE2319100A8D2B0 /* ItemModel.swift in Sources */,
				40634DD62AE7580900A8D2B0 /* StockTakeViewModel.swift in Sources */,
				40634DDC2AE7891E00A8D2B0 /* ItemDetailsView.swift in Sources */,
				40CE10002AE2252100F93427 /* ContentView.swift in Sources */,
				40CE0FFE2AE2252100F93427 /* InventoryManagementApp.xcdatamodeld in Sources */,
				40634DC22AE2320F00A8D2B0 /* StockTake+CoreDataClass.swift in Sources */,
				40634DBB2AE22F9E00A8D2B0 /* CoreDataManager.swift in Sources */,
				40634DC52AE2450E00A8D2B0 /* UPCService.swift in Sources */,
				40634DDA2AE7661D00A8D2B0 /* StockListView.swift in Sources */,
				40634DCB2AE24D8F00A8D2B0 /* NotificationService.swift in Sources */,
				40634DB52AE22F4400A8D2B0 /* Item+CoreDataClass.swift in Sources */,
			);
			runOnlyForDeploymentPostprocessing = 0;
		};
/* End PBXSourcesBuildPhase section */

/* Begin XCBuildConfiguration section */
		40CE10072AE2252300F93427 /* Debug */ = {
			isa = XCBuildConfiguration;
			buildSettings = {
				ALWAYS_SEARCH_USER_PATHS = NO;
				CLANG_ANALYZER_NONNULL = YES;
				CLANG_ANALYZER_NUMBER_OBJECT_CONVERSION = YES_AGGRESSIVE;
				CLANG_CXX_LANGUAGE_STANDARD = "gnu++20";
				CLANG_ENABLE_MODULES = YES;
				CLANG_ENABLE_OBJC_ARC = YES;
				CLANG_ENABLE_OBJC_WEAK = YES;
				CLANG_WARN_BLOCK_CAPTURE_AUTORELEASING = YES;
				CLANG_WARN_BOOL_CONVERSION = YES;
				CLANG_WARN_COMMA = YES;
				CLANG_WARN_CONSTANT_CONVERSION = YES;
				CLANG_WARN_DEPRECATED_OBJC_IMPLEMENTATIONS = YES;
				CLANG_WARN_DIRECT_OBJC_ISA_USAGE = YES_ERROR;
				CLANG_WARN_DOCUMENTATION_COMMENTS = YES;
				CLANG_WARN_EMPTY_BODY = YES;
				CLANG_WARN_ENUM_CONVERSION = YES;
				CLANG_WARN_INFINITE_RECURSION = YES;
				CLANG_WARN_INT_CONVERSION = YES;
				CLANG_WARN_NON_LITERAL_NULL_CONVERSION = YES;
				CLANG_WARN_OBJC_IMPLICIT_RETAIN_SELF = YES;
				CLANG_WARN_OBJC_LITERAL_CONVERSION = YES;
				CLANG_WARN_OBJC_ROOT_CLASS = YES_ERROR;
				CLANG_WARN_QUOTED_INCLUDE_IN_FRAMEWORK_HEADER = YES;
				CLANG_WARN_RANGE_LOOP_ANALYSIS = YES;
				CLANG_WARN_STRICT_PROTOTYPES = YES;
				CLANG_WARN_SUSPICIOUS_MOVE = YES;
				CLANG_WARN_UNGUARDED_AVAILABILITY = YES_AGGRESSIVE;
				CLANG_WARN_UNREACHABLE_CODE = YES;
				CLANG_WARN__DUPLICATE_METHOD_MATCH = YES;
				COPY_PHASE_STRIP = NO;
				DEBUG_INFORMATION_FORMAT = dwarf;
				ENABLE_STRICT_OBJC_MSGSEND = YES;
				ENABLE_TESTABILITY = YES;
				GCC_C_LANGUAGE_STANDARD = gnu11;
				GCC_DYNAMIC_NO_PIC = NO;
				GCC_NO_COMMON_BLOCKS = YES;
				GCC_OPTIMIZATION_LEVEL = 0;
				GCC_PREPROCESSOR_DEFINITIONS = (
					"DEBUG=1",
					"$(inherited)",
				);
				GCC_WARN_64_TO_32_BIT_CONVERSION = YES;
				GCC_WARN_ABOUT_RETURN_TYPE = YES_ERROR;
				GCC_WARN_UNDECLARED_SELECTOR = YES;
				GCC_WARN_UNINITIALIZED_AUTOS = YES_AGGRESSIVE;
				GCC_WARN_UNUSED_FUNCTION = YES;
				GCC_WARN_UNUSED_VARIABLE = YES;
				MTL_ENABLE_DEBUG_INFO = INCLUDE_SOURCE;
				MTL_FAST_MATH = YES;
				ONLY_ACTIVE_ARCH = YES;
				SWIFT_ACTIVE_COMPILATION_CONDITIONS = DEBUG;
				SWIFT_OPTIMIZATION_LEVEL = "-Onone";
			};
			name = Debug;
		};
		40CE10082AE2252300F93427 /* Release */ = {
			isa = XCBuildConfiguration;
			buildSettings = {
				ALWAYS_SEARCH_USER_PATHS = NO;
				CLANG_ANALYZER_NONNULL = YES;
				CLANG_ANALYZER_NUMBER_OBJECT_CONVERSION = YES_AGGRESSIVE;
				CLANG_CXX_LANGUAGE_STANDARD = "gnu++20";
				CLANG_ENABLE_MODULES = YES;
				CLANG_ENABLE_OBJC_ARC = YES;
				CLANG_ENABLE_OBJC_WEAK = YES;
				CLANG_WARN_BLOCK_CAPTURE_AUTORELEASING = YES;
				CLANG_WARN_BOOL_CONVERSION = YES;
				CLANG_WARN_COMMA = YES;
				CLANG_WARN_CONSTANT_CONVERSION = YES;
				CLANG_WARN_DEPRECATED_OBJC_IMPLEMENTATIONS = YES;
				CLANG_WARN_DIRECT_OBJC_ISA_USAGE = YES_ERROR;
				CLANG_WARN_DOCUMENTATION_COMMENTS = YES;
				CLANG_WARN_EMPTY_BODY = YES;
				CLANG_WARN_ENUM_CONVERSION = YES;
				CLANG_WARN_INFINITE_RECURSION = YES;
				CLANG_WARN_INT_CONVERSION = YES;
				CLANG_WARN_NON_LITERAL_NULL_CONVERSION = YES;
				CLANG_WARN_OBJC_IMPLICIT_RETAIN_SELF = YES;
				CLANG_WARN_OBJC_LITERAL_CONVERSION = YES;
				CLANG_WARN_OBJC_ROOT_CLASS = YES_ERROR;
				CLANG_WARN_QUOTED_INCLUDE_IN_FRAMEWORK_HEADER = YES;
				CLANG_WARN_RANGE_LOOP_ANALYSIS = YES;
				CLANG_WARN_STRICT_PROTOTYPES = YES;
				CLANG_WARN_SUSPICIOUS_MOVE = YES;
				CLANG_WARN_UNGUARDED_AVAILABILITY = YES_AGGRESSIVE;
				CLANG_WARN_UNREACHABLE_CODE = YES;
				CLANG_WARN__DUPLICATE_METHOD_MATCH = YES;
				COPY_PHASE_STRIP = NO;
				DEBUG_INFORMATION_FORMAT = "dwarf-with-dsym";
				ENABLE_NS_ASSERTIONS = NO;
				ENABLE_STRICT_OBJC_MSGSEND = YES;
				GCC_C_LANGUAGE_STANDARD = gnu11;
				GCC_NO_COMMON_BLOCKS = YES;
				GCC_WARN_64_TO_32_BIT_CONVERSION = YES;
				GCC_WARN_ABOUT_RETURN_TYPE = YES_ERROR;
				GCC_WARN_UNDECLARED_SELECTOR = YES;
				GCC_WARN_UNINITIALIZED_AUTOS = YES_AGGRESSIVE;
				GCC_WARN_UNUSED_FUNCTION = YES;
				GCC_WARN_UNUSED_VARIABLE = YES;
				MTL_ENABLE_DEBUG_INFO = NO;
				MTL_FAST_MATH = YES;
				SWIFT_COMPILATION_MODE = wholemodule;
				SWIFT_OPTIMIZATION_LEVEL = "-O";
			};
			name = Release;
		};
		40CE100A2AE2252300F93427 /* Debug */ = {
			isa = XCBuildConfiguration;
			buildSettings = {
				ASSETCATALOG_COMPILER_APPICON_NAME = AppIcon;
				ASSETCATALOG_COMPILER_GLOBAL_ACCENT_COLOR_NAME = AccentColor;
				CODE_SIGN_ENTITLEMENTS = InventoryManagementApp/InventoryManagementApp.entitlements;
				"CODE_SIGN_IDENTITY[sdk=macosx*]" = "Apple Development";
				CODE_SIGN_STYLE = Automatic;
				CURRENT_PROJECT_VERSION = 1;
				DEVELOPMENT_ASSET_PATHS = "\"InventoryManagementApp/Preview Content\"";
				DEVELOPMENT_TEAM = 78RVQ7KNVP;
				ENABLE_PREVIEWS = YES;
				GENERATE_INFOPLIST_FILE = YES;
				"INFOPLIST_KEY_UIApplicationSceneManifest_Generation[sdk=iphoneos*]" = YES;
				"INFOPLIST_KEY_UIApplicationSceneManifest_Generation[sdk=iphonesimulator*]" = YES;
				"INFOPLIST_KEY_UIApplicationSupportsIndirectInputEvents[sdk=iphoneos*]" = YES;
				"INFOPLIST_KEY_UIApplicationSupportsIndirectInputEvents[sdk=iphonesimulator*]" = YES;
				"INFOPLIST_KEY_UILaunchScreen_Generation[sdk=iphoneos*]" = YES;
				"INFOPLIST_KEY_UILaunchScreen_Generation[sdk=iphonesimulator*]" = YES;
				"INFOPLIST_KEY_UIStatusBarStyle[sdk=iphoneos*]" = UIStatusBarStyleDefault;
				"INFOPLIST_KEY_UIStatusBarStyle[sdk=iphonesimulator*]" = UIStatusBarStyleDefault;
				INFOPLIST_KEY_UISupportedInterfaceOrientations_iPad = "UIInterfaceOrientationPortrait UIInterfaceOrientationPortraitUpsideDown UIInterfaceOrientationLandscapeLeft UIInterfaceOrientationLandscapeRight";
				INFOPLIST_KEY_UISupportedInterfaceOrientations_iPhone = "UIInterfaceOrientationPortrait UIInterfaceOrientationLandscapeLeft UIInterfaceOrientationLandscapeRight";
				IPHONEOS_DEPLOYMENT_TARGET = 16.2;
				LD_RUNPATH_SEARCH_PATHS = "@executable_path/Frameworks";
				"LD_RUNPATH_SEARCH_PATHS[sdk=macosx*]" = "@executable_path/../Frameworks";
				MACOSX_DEPLOYMENT_TARGET = 13.3;
				MARKETING_VERSION = 1.0;
				PRODUCT_BUNDLE_IDENTIFIER = johnny.InventoryManagementApp;
				PRODUCT_NAME = "$(TARGET_NAME)";
				SDKROOT = auto;
				SUPPORTED_PLATFORMS = "iphoneos iphonesimulator macosx";
				SWIFT_EMIT_LOC_STRINGS = YES;
				SWIFT_VERSION = 5.0;
				TARGETED_DEVICE_FAMILY = "1,2";
			};
			name = Debug;
		};
		40CE100B2AE2252300F93427 /* Release */ = {
			isa = XCBuildConfiguration;
			buildSettings = {
				ASSETCATALOG_COMPILER_APPICON_NAME = AppIcon;
				ASSETCATALOG_COMPILER_GLOBAL_ACCENT_COLOR_NAME = AccentColor;
				CODE_SIGN_ENTITLEMENTS = InventoryManagementApp/InventoryManagementApp.entitlements;
				CODE_SIGN_STYLE = Automatic;
				CURRENT_PROJECT_VERSION = 1;
				DEVELOPMENT_ASSET_PATHS = "\"InventoryManagementApp/Preview Content\"";
				DEVELOPMENT_TEAM = 78RVQ7KNVP;
				ENABLE_PREVIEWS = YES;
				GENERATE_INFOPLIST_FILE = YES;
				"INFOPLIST_KEY_UIApplicationSceneManifest_Generation[sdk=iphoneos*]" = YES;
				"INFOPLIST_KEY_UIApplicationSceneManifest_Generation[sdk=iphonesimulator*]" = YES;
				"INFOPLIST_KEY_UIApplicationSupportsIndirectInputEvents[sdk=iphoneos*]" = YES;
				"INFOPLIST_KEY_UIApplicationSupportsIndirectInputEvents[sdk=iphonesimulator*]" = YES;
				"INFOPLIST_KEY_UILaunchScreen_Generation[sdk=iphoneos*]" = YES;
				"INFOPLIST_KEY_UILaunchScreen_Generation[sdk=iphonesimulator*]" = YES;
				"INFOPLIST_KEY_UIStatusBarStyle[sdk=iphoneos*]" = UIStatusBarStyleDefault;
				"INFOPLIST_KEY_UIStatusBarStyle[sdk=iphonesimulator*]" = UIStatusBarStyleDefault;
				INFOPLIST_KEY_UISupportedInterfaceOrientations_iPad = "UIInterfaceOrientationPortrait UIInterfaceOrientationPortraitUpsideDown UIInterfaceOrientationLandscapeLeft UIInterfaceOrientationLandscapeRight";
				INFOPLIST_KEY_UISupportedInterfaceOrientations_iPhone = "UIInterfaceOrientationPortrait UIInterfaceOrientationLandscapeLeft UIInterfaceOrientationLandscapeRight";
				IPHONEOS_DEPLOYMENT_TARGET = 16.2;
				LD_RUNPATH_SEARCH_PATHS = "@executable_path/Frameworks";
				"LD_RUNPATH_SEARCH_PATHS[sdk=macosx*]" = "@executable_path/../Frameworks";
				MACOSX_DEPLOYMENT_TARGET = 13.3;
				MARKETING_VERSION = 1.0;
				PRODUCT_BUNDLE_IDENTIFIER = johnny.InventoryManagementApp;
				PRODUCT_NAME = "$(TARGET_NAME)";
				SDKROOT = auto;
				SUPPORTED_PLATFORMS = "iphoneos iphonesimulator macosx";
				SWIFT_EMIT_LOC_STRINGS = YES;
				SWIFT_VERSION = 5.0;
				TARGETED_DEVICE_FAMILY = "1,2";
			};
			name = Release;
		};
/* End XCBuildConfiguration section */

/* Begin XCConfigurationList section */
		40CE0FF02AE2252100F93427 /* Build configuration list for PBXProject "InventoryManagementApp" */ = {
			isa = XCConfigurationList;
			buildConfigurations = (
				40CE10072AE2252300F93427 /* Debug */,
				40CE10082AE2252300F93427 /* Release */,
			);
			defaultConfigurationIsVisible = 0;
			defaultConfigurationName = Release;
		};
		40CE10092AE2252300F93427 /* Build configuration list for PBXNativeTarget "InventoryManagementApp" */ = {
			isa = XCConfigurationList;
			buildConfigurations = (
				40CE100A2AE2252300F93427 /* Debug */,
				40CE100B2AE2252300F93427 /* Release */,
			);
			defaultConfigurationIsVisible = 0;
			defaultConfigurationName = Release;
		};
/* End XCConfigurationList section */

/* Begin XCVersionGroup section */
		40CE0FFC2AE2252100F93427 /* InventoryManagementApp.xcdatamodeld */ = {
			isa = XCVersionGroup;
			children = (
				40CE0FFD2AE2252100F93427 /* InventoryManagementApp.xcdatamodel */,
			);
			currentVersion = 40CE0FFD2AE2252100F93427 /* InventoryManagementApp.xcdatamodel */;
			path = InventoryManagementApp.xcdatamodeld;
			sourceTree = "<group>";
			versionGroupType = wrapper.xcdatamodel;
		};
/* End XCVersionGroup section */
	};
	rootObject = 40CE0FED2AE2252100F93427 /* Project object */;
}
